{
    "_readme": [
        "This file locks the dependencies of your project to a known state",
        "Read more about it at http://getcomposer.org/doc/01-basic-usage.md#composer-lock-the-lock-file",
        "This file is @generated automatically"
    ],
    "hash": "79767d481f0b9ea6d78df26f99bd5fe1",
    "packages": [
        {
            "name": "nikic/php-parser",
            "version": "v1.1.0",
            "source": {
                "type": "git",
                "url": "https://github.com/nikic/PHP-Parser.git",
                "reference": "ac05ef6f95bf8361549604b6031c115f92f39528"
            },
            "dist": {
                "type": "zip",
                "url": "https://api.github.com/repos/nikic/PHP-Parser/zipball/ac05ef6f95bf8361549604b6031c115f92f39528",
                "reference": "ac05ef6f95bf8361549604b6031c115f92f39528",
                "shasum": ""
            },
            "require": {
                "ext-tokenizer": "*",
                "php": ">=5.3"
            },
            "type": "library",
            "extra": {
                "branch-alias": {
                    "dev-master": "1.0-dev"
                }
            },
            "autoload": {
                "files": [
                    "lib/bootstrap.php"
                ]
            },
            "notification-url": "https://packagist.org/downloads/",
            "license": [
                "BSD-3-Clause"
            ],
            "authors": [
                {
                    "name": "Nikita Popov"
                }
            ],
            "description": "A PHP parser written in PHP",
            "keywords": [
                "parser",
                "php"
            ],
            "time": "2015-01-18 11:29:59"
        }
    ],
    "packages-dev": [
        {
            "name": "nunzion/composer-devlinks",
            "version": "0.2.0",
            "source": {
                "type": "git",
                "url": "https://bitbucket.org/nunzion/composer-devlinks.git",
                "reference": "57a0716f0e901420a6b8ba311df97e68cce2d260"
            },
            "dist": {
                "type": "zip",
                "url": "https://bitbucket.org/nunzion/composer-devlinks/get/57a0716f0e901420a6b8ba311df97e68cce2d260.zip",
                "reference": "57a0716f0e901420a6b8ba311df97e68cce2d260",
                "shasum": ""
            },
            "require": {
                "php": ">=5.3.0"
            },
            "type": "library",
            "autoload": {
                "psr-0": {
                    "Nunzion": "src/"
                }
            },
            "notification-url": "https://packagist.org/downloads/",
            "license": [
                "MIT"
            ],
            "authors": [
                {
                    "name": "Henning Dieterichs",
                    "email": "henning.dieterichs@hediet.de",
                    "role": "Developer"
                }
            ],
            "description": "Enables developers to autoload classes from projects outside the vendor directory. These links can replace projects inside the vendor directory and need not to be committed.",
            "keywords": [
                "Reference",
                "autoload",
                "dev",
                "link"
            ],
            "time": "2014-05-18 12:52:21"
        }
    ],
    "aliases": [],
    "minimum-stability": "stable",
    "stability-flags": [],
    "prefer-stable": false,
    "prefer-lowest": false,
    "platform": {
        "php": ">=5.3.0"
    },
    "platform-dev": []
}
